
Microsoft Visual Studio Solution File, Format Version 12.00
# Visual Studio Version 17
VisualStudioVersion = 17.4.33205.214
MinimumVisualStudioVersion = 10.0.40219.1
Project("{F184B08F-C81C-45F6-A57F-5ABD9991F28F}") = "SM Scheduling Tracker", "SM Scheduling Tracker\SM Scheduling Tracker.vbproj", "{E968FAFA-3DB6-4996-9F6A-EBF0498BAB3C}"
EndProject
Global
	GlobalSection(SolutionConfigurationPlatforms) = preSolution
		Debug|Any CPU = Debug|Any CPU
		Release|Any CPU = Release|Any CPU
	EndGlobalSection
	GlobalSection(ProjectConfigurationPlatforms) = postSolution
		{E968FAFA-3DB6-4996-9F6A-EBF0498BAB3C}.Debug|Any CPU.ActiveCfg = Debug|Any CPU
		{E968FAFA-3DB6-4996-9F6A-EBF0498BAB3C}.Debug|Any CPU.Build.0 = Debug|Any CPU
		{E968FAFA-3DB6-4996-9F6A-EBF0498BAB3C}.Release|Any CPU.ActiveCfg = Release|Any CPU
		{E968FAFA-3DB6-4996-9F6A-EBF0498BAB3C}.Release|Any CPU.Build.0 = Release|Any CPU
	EndGlobalSection
	GlobalSection(SolutionProperties) = preSolution
		HideSolutionNode = FALSE
	EndGlobalSection
	GlobalSection(ExtensibilityGlobals) = postSolution
		SolutionGuid = {C7BE9311-154D-4869-9D47-6D7A871294DF}
	EndGlobalSection
EndGlobal
